
Microsoft Visual Studio Solution File, Format Version 12.00
# Visual Studio Version 16
VisualStudioVersion = 16.0.29709.97
MinimumVisualStudioVersion = 10.0.40219.1
Project("{9A19103F-16F7-4668-BE54-9A1E7A4F7556}") = "ECSDiscord", "ECSDiscord\ECSDiscord.csproj", "{20FA253F-EB55-47A9-903C-41221964AD90}"
EndProject
Project("{9A19103F-16F7-4668-BE54-9A1E7A4F7556}") = "UserDataViewer", "UserDataViewer\UserDataViewer.csproj", "{D38D9A8B-B6BD-4369-8D73-EA731A95FE44}"
EndProject
Project("{9A19103F-16F7-4668-BE54-9A1E7A4F7556}") = "ECSDiscordStorage", "ECSDiscordStorage\ECSDiscordStorage.csproj", "{DBD25684-5645-47A5-B34C-84C88C287523}"
EndProject
Project("{2150E333-8FDC-42A3-9474-1A3956D46DE8}") = "Test", "Test", "{743D1EE0-C6C8-4C79-A3CF-9CE53F6EBEE4}"
EndProject
Project("{2150E333-8FDC-42A3-9474-1A3956D46DE8}") = "Src", "Src", "{66F3E3CA-E0E3-4CBA-83BE-72E0802C00F9}"
EndProject
Project("{9A19103F-16F7-4668-BE54-9A1E7A4F7556}") = "ECSDiscordStorageTest", "ECSDiscordStorageTest\ECSDiscordStorageTest.csproj", "{ACC98AF7-F7D5-4A7C-B180-77F042859085}"
EndProject
Project("{2150E333-8FDC-42A3-9474-1A3956D46DE8}") = "Components", "Components", "{4AC3DD28-F869-41F8-BD39-F528AAE53A69}"
EndProject
Project("{9A19103F-16F7-4668-BE54-9A1E7A4F7556}") = "DiscordBot", "Components\DiscordBot\DiscordBot.csproj", "{288B90B6-EF62-4A3E-85C8-B91B82AF2188}"
EndProject
Project("{9A19103F-16F7-4668-BE54-9A1E7A4F7556}") = "ComponentApplication", "ComponentApplication\ComponentApplication.csproj", "{C0C18D2C-22CF-4875-9DC1-7555D9043B67}"
EndProject
Project("{9A19103F-16F7-4668-BE54-9A1E7A4F7556}") = "ConsoleLogging", "Components\ConsoleLogging\ConsoleLogging.csproj", "{1811B5A4-2527-4595-8DF1-32D13157D981}"
EndProject
Project("{9A19103F-16F7-4668-BE54-9A1E7A4F7556}") = "Configuration", "Components\Configuration\Configuration.csproj", "{BA5B11AD-5028-4E1D-ABBC-19AE6B3501CA}"
EndProject
Project("{9A19103F-16F7-4668-BE54-9A1E7A4F7556}") = "Localization", "Components\Localization\Localization.csproj", "{9970FAFB-08C3-41AB-BF6D-BBDD6DB11323}"
EndProject
Global
	GlobalSection(SolutionConfigurationPlatforms) = preSolution
		Debug|Any CPU = Debug|Any CPU
		Release|Any CPU = Release|Any CPU
	EndGlobalSection
	GlobalSection(ProjectConfigurationPlatforms) = postSolution
		{20FA253F-EB55-47A9-903C-41221964AD90}.Debug|Any CPU.ActiveCfg = Debug|Any CPU
		{20FA253F-EB55-47A9-903C-41221964AD90}.Debug|Any CPU.Build.0 = Debug|Any CPU
		{20FA253F-EB55-47A9-903C-41221964AD90}.Release|Any CPU.ActiveCfg = Release|Any CPU
		{20FA253F-EB55-47A9-903C-41221964AD90}.Release|Any CPU.Build.0 = Release|Any CPU
		{D38D9A8B-B6BD-4369-8D73-EA731A95FE44}.Debug|Any CPU.ActiveCfg = Debug|Any CPU
		{D38D9A8B-B6BD-4369-8D73-EA731A95FE44}.Debug|Any CPU.Build.0 = Debug|Any CPU
		{D38D9A8B-B6BD-4369-8D73-EA731A95FE44}.Release|Any CPU.ActiveCfg = Release|Any CPU
		{D38D9A8B-B6BD-4369-8D73-EA731A95FE44}.Release|Any CPU.Build.0 = Release|Any CPU
		{DBD25684-5645-47A5-B34C-84C88C287523}.Debug|Any CPU.ActiveCfg = Debug|Any CPU
		{DBD25684-5645-47A5-B34C-84C88C287523}.Debug|Any CPU.Build.0 = Debug|Any CPU
		{DBD25684-5645-47A5-B34C-84C88C287523}.Release|Any CPU.ActiveCfg = Release|Any CPU
		{DBD25684-5645-47A5-B34C-84C88C287523}.Release|Any CPU.Build.0 = Release|Any CPU
		{ACC98AF7-F7D5-4A7C-B180-77F042859085}.Debug|Any CPU.ActiveCfg = Debug|Any CPU
		{ACC98AF7-F7D5-4A7C-B180-77F042859085}.Debug|Any CPU.Build.0 = Debug|Any CPU
		{ACC98AF7-F7D5-4A7C-B180-77F042859085}.Release|Any CPU.ActiveCfg = Release|Any CPU
		{ACC98AF7-F7D5-4A7C-B180-77F042859085}.Release|Any CPU.Build.0 = Release|Any CPU
		{288B90B6-EF62-4A3E-85C8-B91B82AF2188}.Debug|Any CPU.ActiveCfg = Debug|Any CPU
		{288B90B6-EF62-4A3E-85C8-B91B82AF2188}.Debug|Any CPU.Build.0 = Debug|Any CPU
		{288B90B6-EF62-4A3E-85C8-B91B82AF2188}.Release|Any CPU.ActiveCfg = Release|Any CPU
		{288B90B6-EF62-4A3E-85C8-B91B82AF2188}.Release|Any CPU.Build.0 = Release|Any CPU
		{C0C18D2C-22CF-4875-9DC1-7555D9043B67}.Debug|Any CPU.ActiveCfg = Debug|Any CPU
		{C0C18D2C-22CF-4875-9DC1-7555D9043B67}.Debug|Any CPU.Build.0 = Debug|Any CPU
		{C0C18D2C-22CF-4875-9DC1-7555D9043B67}.Release|Any CPU.ActiveCfg = Release|Any CPU
		{C0C18D2C-22CF-4875-9DC1-7555D9043B67}.Release|Any CPU.Build.0 = Release|Any CPU
		{1811B5A4-2527-4595-8DF1-32D13157D981}.Debug|Any CPU.ActiveCfg = Debug|Any CPU
		{1811B5A4-2527-4595-8DF1-32D13157D981}.Debug|Any CPU.Build.0 = Debug|Any CPU
		{1811B5A4-2527-4595-8DF1-32D13157D981}.Release|Any CPU.ActiveCfg = Release|Any CPU
		{1811B5A4-2527-4595-8DF1-32D13157D981}.Release|Any CPU.Build.0 = Release|Any CPU
		{BA5B11AD-5028-4E1D-ABBC-19AE6B3501CA}.Debug|Any CPU.ActiveCfg = Debug|Any CPU
		{BA5B11AD-5028-4E1D-ABBC-19AE6B3501CA}.Debug|Any CPU.Build.0 = Debug|Any CPU
		{BA5B11AD-5028-4E1D-ABBC-19AE6B3501CA}.Release|Any CPU.ActiveCfg = Release|Any CPU
		{BA5B11AD-5028-4E1D-ABBC-19AE6B3501CA}.Release|Any CPU.Build.0 = Release|Any CPU
		{9970FAFB-08C3-41AB-BF6D-BBDD6DB11323}.Debug|Any CPU.ActiveCfg = Debug|Any CPU
		{9970FAFB-08C3-41AB-BF6D-BBDD6DB11323}.Debug|Any CPU.Build.0 = Debug|Any CPU
		{9970FAFB-08C3-41AB-BF6D-BBDD6DB11323}.Release|Any CPU.ActiveCfg = Release|Any CPU
		{9970FAFB-08C3-41AB-BF6D-BBDD6DB11323}.Release|Any CPU.Build.0 = Release|Any CPU
	EndGlobalSection
	GlobalSection(SolutionProperties) = preSolution
		HideSolutionNode = FALSE
	EndGlobalSection
	GlobalSection(NestedProjects) = preSolution
		{20FA253F-EB55-47A9-903C-41221964AD90} = {66F3E3CA-E0E3-4CBA-83BE-72E0802C00F9}
		{D38D9A8B-B6BD-4369-8D73-EA731A95FE44} = {66F3E3CA-E0E3-4CBA-83BE-72E0802C00F9}
		{DBD25684-5645-47A5-B34C-84C88C287523} = {66F3E3CA-E0E3-4CBA-83BE-72E0802C00F9}
		{ACC98AF7-F7D5-4A7C-B180-77F042859085} = {743D1EE0-C6C8-4C79-A3CF-9CE53F6EBEE4}
		{4AC3DD28-F869-41F8-BD39-F528AAE53A69} = {66F3E3CA-E0E3-4CBA-83BE-72E0802C00F9}
		{288B90B6-EF62-4A3E-85C8-B91B82AF2188} = {4AC3DD28-F869-41F8-BD39-F528AAE53A69}
		{C0C18D2C-22CF-4875-9DC1-7555D9043B67} = {66F3E3CA-E0E3-4CBA-83BE-72E0802C00F9}
		{1811B5A4-2527-4595-8DF1-32D13157D981} = {4AC3DD28-F869-41F8-BD39-F528AAE53A69}
		{BA5B11AD-5028-4E1D-ABBC-19AE6B3501CA} = {4AC3DD28-F869-41F8-BD39-F528AAE53A69}
		{9970FAFB-08C3-41AB-BF6D-BBDD6DB11323} = {4AC3DD28-F869-41F8-BD39-F528AAE53A69}
	EndGlobalSection
	GlobalSection(ExtensibilityGlobals) = postSolution
		SolutionGuid = {9C7C24DB-92B3-49E7-84FD-E83EEE1EF8EB}
	EndGlobalSection
EndGlobal
